// !$*UTF8*$!
{
	archiveVersion = 1;
	classes = {
	};
	objectVersion = 48;
	objects = {

/* Begin PBXBuildFile section */
		C222792520123335008C53DB /* CloudKit.framework in Frameworks */ = {isa = PBXBuildFile; fileRef = C222792420123335008C53DB /* CloudKit.framework */; };
		C222792F201283DF008C53DB /* Statistics.swift in Sources */ = {isa = PBXBuildFile; fileRef = C2227926201283DF008C53DB /* Statistics.swift */; };
		C2227930201283DF008C53DB /* Match.swift in Sources */ = {isa = PBXBuildFile; fileRef = C2227927201283DF008C53DB /* Match.swift */; };
		C2227931201283DF008C53DB /* Turnering.swift in Sources */ = {isa = PBXBuildFile; fileRef = C2227928201283DF008C53DB /* Turnering.swift */; };
		C2227932201283DF008C53DB /* Team.swift in Sources */ = {isa = PBXBuildFile; fileRef = C2227929201283DF008C53DB /* Team.swift */; };
		C2227933201283DF008C53DB /* Practice.swift in Sources */ = {isa = PBXBuildFile; fileRef = C222792A201283DF008C53DB /* Practice.swift */; };
		C2227934201283DF008C53DB /* LocalTeam.swift in Sources */ = {isa = PBXBuildFile; fileRef = C222792B201283DF008C53DB /* LocalTeam.swift */; };
		C2227935201283DF008C53DB /* MatchOfficial.swift in Sources */ = {isa = PBXBuildFile; fileRef = C222792C201283DF008C53DB /* MatchOfficial.swift */; };
		C2227936201283DF008C53DB /* Stopwatch.swift in Sources */ = {isa = PBXBuildFile; fileRef = C222792D201283DF008C53DB /* Stopwatch.swift */; };
		C2227937201283DF008C53DB /* Trainer.swift in Sources */ = {isa = PBXBuildFile; fileRef = C222792E201283DF008C53DB /* Trainer.swift */; };
		C222793C201283ED008C53DB /* TeamDataSource.swift in Sources */ = {isa = PBXBuildFile; fileRef = C2227938201283ED008C53DB /* TeamDataSource.swift */; };
		C222793D201283ED008C53DB /* DataSourceManager.swift in Sources */ = {isa = PBXBuildFile; fileRef = C2227939201283ED008C53DB /* DataSourceManager.swift */; };
		C222793E201283ED008C53DB /* TrainerDataSource.swift in Sources */ = {isa = PBXBuildFile; fileRef = C222793A201283ED008C53DB /* TrainerDataSource.swift */; };
		C222793F201283ED008C53DB /* MatchDataSource.swift in Sources */ = {isa = PBXBuildFile; fileRef = C222793B201283ED008C53DB /* MatchDataSource.swift */; };
		C234B6732011FDC3005128F8 /* AppDelegate.swift in Sources */ = {isa = PBXBuildFile; fileRef = C234B6722011FDC3005128F8 /* AppDelegate.swift */; };
		C234B6752011FDC3005128F8 /* ViewController.swift in Sources */ = {isa = PBXBuildFile; fileRef = C234B6742011FDC3005128F8 /* ViewController.swift */; };
		C234B6772011FDC3005128F8 /* Assets.xcassets in Resources */ = {isa = PBXBuildFile; fileRef = C234B6762011FDC3005128F8 /* Assets.xcassets */; };
		C234B67A2011FDC3005128F8 /* Main.storyboard in Resources */ = {isa = PBXBuildFile; fileRef = C234B6782011FDC3005128F8 /* Main.storyboard */; };
		C234B6862011FDC4005128F8 /* SingleViewTestingSyncTests.swift in Sources */ = {isa = PBXBuildFile; fileRef = C234B6852011FDC4005128F8 /* SingleViewTestingSyncTests.swift */; };
		C234B6912011FDC4005128F8 /* SingleViewTestingSyncUITests.swift in Sources */ = {isa = PBXBuildFile; fileRef = C234B6902011FDC4005128F8 /* SingleViewTestingSyncUITests.swift */; };
		C234B6A420120062005128F8 /* oversikt.csv in Resources */ = {isa = PBXBuildFile; fileRef = C234B6A320120062005128F8 /* oversikt.csv */; };
		C234B6AA201203E2005128F8 /* PlayerDataSource.swift in Sources */ = {isa = PBXBuildFile; fileRef = C234B6A9201203E2005128F8 /* PlayerDataSource.swift */; };
		C234B6B1201205D1005128F8 /* Player.swift in Sources */ = {isa = PBXBuildFile; fileRef = C234B6AE201205D1005128F8 /* Player.swift */; };
		C234B6B2201205D1005128F8 /* Guardian.swift in Sources */ = {isa = PBXBuildFile; fileRef = C234B6AF201205D1005128F8 /* Guardian.swift */; };
		C234B6B3201205D1005128F8 /* Person.swift in Sources */ = {isa = PBXBuildFile; fileRef = C234B6B0201205D1005128F8 /* Person.swift */; };
		C234B6B5201205ED005128F8 /* FileDataSource.swift in Sources */ = {isa = PBXBuildFile; fileRef = C234B6B4201205ED005128F8 /* FileDataSource.swift */; };
		C234B6B720120612005128F8 /* GuardianDataSource.swift in Sources */ = {isa = PBXBuildFile; fileRef = C234B6B620120612005128F8 /* GuardianDataSource.swift */; };
		C234B6B92012065D005128F8 /* CloudKitDataSource.swift in Sources */ = {isa = PBXBuildFile; fileRef = C234B6B82012065D005128F8 /* CloudKitDataSource.swift */; };
/* End PBXBuildFile section */

/* Begin PBXContainerItemProxy section */
		C234B6822011FDC4005128F8 /* PBXContainerItemProxy */ = {
			isa = PBXContainerItemProxy;
			containerPortal = C234B6672011FDC3005128F8 /* Project object */;
			proxyType = 1;
			remoteGlobalIDString = C234B66E2011FDC3005128F8;
			remoteInfo = SingleViewTestingSync;
		};
		C234B68D2011FDC4005128F8 /* PBXContainerItemProxy */ = {
			isa = PBXContainerItemProxy;
			containerPortal = C234B6672011FDC3005128F8 /* Project object */;
			proxyType = 1;
			remoteGlobalIDString = C234B66E2011FDC3005128F8;
			remoteInfo = SingleViewTestingSync;
		};
/* End PBXContainerItemProxy section */

/* Begin PBXFileReference section */
		C222792420123335008C53DB /* CloudKit.framework */ = {isa = PBXFileReference; lastKnownFileType = wrapper.framework; name = CloudKit.framework; path = System/Library/Frameworks/CloudKit.framework; sourceTree = SDKROOT; };
		C2227926201283DF008C53DB /* Statistics.swift */ = {isa = PBXFileReference; fileEncoding = 4; lastKnownFileType = sourcecode.swift; path = Statistics.swift; sourceTree = "<group>"; };
		C2227927201283DF008C53DB /* Match.swift */ = {isa = PBXFileReference; fileEncoding = 4; lastKnownFileType = sourcecode.swift; path = Match.swift; sourceTree = "<group>"; };
		C2227928201283DF008C53DB /* Turnering.swift */ = {isa = PBXFileReference; fileEncoding = 4; lastKnownFileType = sourcecode.swift; path = Turnering.swift; sourceTree = "<group>"; };
		C2227929201283DF008C53DB /* Team.swift */ = {isa = PBXFileReference; fileEncoding = 4; lastKnownFileType = sourcecode.swift; path = Team.swift; sourceTree = "<group>"; };
		C222792A201283DF008C53DB /* Practice.swift */ = {isa = PBXFileReference; fileEncoding = 4; lastKnownFileType = sourcecode.swift; path = Practice.swift; sourceTree = "<group>"; };
		C222792B201283DF008C53DB /* LocalTeam.swift */ = {isa = PBXFileReference; fileEncoding = 4; lastKnownFileType = sourcecode.swift; path = LocalTeam.swift; sourceTree = "<group>"; };
		C222792C201283DF008C53DB /* MatchOfficial.swift */ = {isa = PBXFileReference; fileEncoding = 4; lastKnownFileType = sourcecode.swift; path = MatchOfficial.swift; sourceTree = "<group>"; };
		C222792D201283DF008C53DB /* Stopwatch.swift */ = {isa = PBXFileReference; fileEncoding = 4; lastKnownFileType = sourcecode.swift; path = Stopwatch.swift; sourceTree = "<group>"; };
		C222792E201283DF008C53DB /* Trainer.swift */ = {isa = PBXFileReference; fileEncoding = 4; lastKnownFileType = sourcecode.swift; path = Trainer.swift; sourceTree = "<group>"; };
		C2227938201283ED008C53DB /* TeamDataSource.swift */ = {isa = PBXFileReference; fileEncoding = 4; lastKnownFileType = sourcecode.swift; path = TeamDataSource.swift; sourceTree = "<group>"; };
		C2227939201283ED008C53DB /* DataSourceManager.swift */ = {isa = PBXFileReference; fileEncoding = 4; lastKnownFileType = sourcecode.swift; path = DataSourceManager.swift; sourceTree = "<group>"; };
		C222793A201283ED008C53DB /* TrainerDataSource.swift */ = {isa = PBXFileReference; fileEncoding = 4; lastKnownFileType = sourcecode.swift; path = TrainerDataSource.swift; sourceTree = "<group>"; };
		C222793B201283ED008C53DB /* MatchDataSource.swift */ = {isa = PBXFileReference; fileEncoding = 4; lastKnownFileType = sourcecode.swift; path = MatchDataSource.swift; sourceTree = "<group>"; };
		C234B66F2011FDC3005128F8 /* SingleViewTestingSync.app */ = {isa = PBXFileReference; explicitFileType = wrapper.application; includeInIndex = 0; path = SingleViewTestingSync.app; sourceTree = BUILT_PRODUCTS_DIR; };
		C234B6722011FDC3005128F8 /* AppDelegate.swift */ = {isa = PBXFileReference; lastKnownFileType = sourcecode.swift; path = AppDelegate.swift; sourceTree = "<group>"; };
		C234B6742011FDC3005128F8 /* ViewController.swift */ = {isa = PBXFileReference; lastKnownFileType = sourcecode.swift; path = ViewController.swift; sourceTree = "<group>"; };
		C234B6762011FDC3005128F8 /* Assets.xcassets */ = {isa = PBXFileReference; lastKnownFileType = folder.assetcatalog; path = Assets.xcassets; sourceTree = "<group>"; };
		C234B6792011FDC3005128F8 /* Base */ = {isa = PBXFileReference; lastKnownFileType = file.storyboard; name = Base; path = Base.lproj/Main.storyboard; sourceTree = "<group>"; };
		C234B67B2011FDC3005128F8 /* Info.plist */ = {isa = PBXFileReference; lastKnownFileType = text.plist.xml; path = Info.plist; sourceTree = "<group>"; };
		C234B67C2011FDC3005128F8 /* SingleViewTestingSync.entitlements */ = {isa = PBXFileReference; lastKnownFileType = text.plist.entitlements; path = SingleViewTestingSync.entitlements; sourceTree = "<group>"; };
		C234B6812011FDC4005128F8 /* SingleViewTestingSyncTests.xctest */ = {isa = PBXFileReference; explicitFileType = wrapper.cfbundle; includeInIndex = 0; path = SingleViewTestingSyncTests.xctest; sourceTree = BUILT_PRODUCTS_DIR; };
		C234B6852011FDC4005128F8 /* SingleViewTestingSyncTests.swift */ = {isa = PBXFileReference; lastKnownFileType = sourcecode.swift; path = SingleViewTestingSyncTests.swift; sourceTree = "<group>"; };
		C234B6872011FDC4005128F8 /* Info.plist */ = {isa = PBXFileReference; lastKnownFileType = text.plist.xml; path = Info.plist; sourceTree = "<group>"; };
		C234B68C2011FDC4005128F8 /* SingleViewTestingSyncUITests.xctest */ = {isa = PBXFileReference; explicitFileType = wrapper.cfbundle; includeInIndex = 0; path = SingleViewTestingSyncUITests.xctest; sourceTree = BUILT_PRODUCTS_DIR; };
		C234B6902011FDC4005128F8 /* SingleViewTestingSyncUITests.swift */ = {isa = PBXFileReference; lastKnownFileType = sourcecode.swift; path = SingleViewTestingSyncUITests.swift; sourceTree = "<group>"; };
		C234B6922011FDC4005128F8 /* Info.plist */ = {isa = PBXFileReference; lastKnownFileType = text.plist.xml; path = Info.plist; sourceTree = "<group>"; };
		C234B6A320120062005128F8 /* oversikt.csv */ = {isa = PBXFileReference; fileEncoding = 4; lastKnownFileType = text; path = oversikt.csv; sourceTree = "<group>"; };
		C234B6A9201203E2005128F8 /* PlayerDataSource.swift */ = {isa = PBXFileReference; fileEncoding = 4; lastKnownFileType = sourcecode.swift; path = PlayerDataSource.swift; sourceTree = "<group>"; };
		C234B6AE201205D1005128F8 /* Player.swift */ = {isa = PBXFileReference; fileEncoding = 4; lastKnownFileType = sourcecode.swift; name = Player.swift; path = SingleViewTestingSync/Model/Player.swift; sourceTree = SOURCE_ROOT; };
		C234B6AF201205D1005128F8 /* Guardian.swift */ = {isa = PBXFileReference; fileEncoding = 4; lastKnownFileType = sourcecode.swift; name = Guardian.swift; path = SingleViewTestingSync/Model/Guardian.swift; sourceTree = SOURCE_ROOT; };
		C234B6B0201205D1005128F8 /* Person.swift */ = {isa = PBXFileReference; fileEncoding = 4; lastKnownFileType = sourcecode.swift; name = Person.swift; path = SingleViewTestingSync/Model/Person.swift; sourceTree = SOURCE_ROOT; };
		C234B6B4201205ED005128F8 /* FileDataSource.swift */ = {isa = PBXFileReference; fileEncoding = 4; lastKnownFileType = sourcecode.swift; path = FileDataSource.swift; sourceTree = "<group>"; };
		C234B6B620120612005128F8 /* GuardianDataSource.swift */ = {isa = PBXFileReference; fileEncoding = 4; lastKnownFileType = sourcecode.swift; name = GuardianDataSource.swift; path = SingleViewTestingSync/DataResource/GuardianDataSource.swift; sourceTree = SOURCE_ROOT; };
		C234B6B82012065D005128F8 /* CloudKitDataSource.swift */ = {isa = PBXFileReference; fileEncoding = 4; lastKnownFileType = sourcecode.swift; path = CloudKitDataSource.swift; sourceTree = "<group>"; };
/* End PBXFileReference section */

/* Begin PBXFrameworksBuildPhase section */
		C234B66C2011FDC3005128F8 /* Frameworks */ = {
			isa = PBXFrameworksBuildPhase;
			buildActionMask = 2147483647;
			files = (
				C222792520123335008C53DB /* CloudKit.framework in Frameworks */,
			);
			runOnlyForDeploymentPostprocessing = 0;
		};
		C234B67E2011FDC4005128F8 /* Frameworks */ = {
			isa = PBXFrameworksBuildPhase;
			buildActionMask = 2147483647;
			files = (
			);
			runOnlyForDeploymentPostprocessing = 0;
		};
		C234B6892011FDC4005128F8 /* Frameworks */ = {
			isa = PBXFrameworksBuildPhase;
			buildActionMask = 2147483647;
			files = (
			);
			runOnlyForDeploymentPostprocessing = 0;
		};
/* End PBXFrameworksBuildPhase section */

/* Begin PBXGroup section */
		C222794020128443008C53DB /* ViewController */ = {
			isa = PBXGroup;
			children = (
				C234B6742011FDC3005128F8 /* ViewController.swift */,
			);
			path = ViewController;
			sourceTree = "<group>";
		};
		C234B6662011FDC3005128F8 = {
			isa = PBXGroup;
			children = (
				C234B6712011FDC3005128F8 /* SingleViewTestingSync */,
				C234B6842011FDC4005128F8 /* SingleViewTestingSyncTests */,
				C234B68F2011FDC4005128F8 /* SingleViewTestingSyncUITests */,
				C234B6702011FDC3005128F8 /* Products */,
				C234B6A520120300005128F8 /* Frameworks */,
			);
			sourceTree = "<group>";
		};
		C234B6702011FDC3005128F8 /* Products */ = {
			isa = PBXGroup;
			children = (
				C234B66F2011FDC3005128F8 /* SingleViewTestingSync.app */,
				C234B6812011FDC4005128F8 /* SingleViewTestingSyncTests.xctest */,
				C234B68C2011FDC4005128F8 /* SingleViewTestingSyncUITests.xctest */,
			);
			name = Products;
			sourceTree = "<group>";
		};
		C234B6712011FDC3005128F8 /* SingleViewTestingSync */ = {
			isa = PBXGroup;
			children = (
				C234B6A8201203BA005128F8 /* DataResource */,
				C234B6AD201205BA005128F8 /* Model */,
				C222794020128443008C53DB /* ViewController */,
				C234B6A02011FFFD005128F8 /* SupportingFiles */,
				C234B6762011FDC3005128F8 /* Assets.xcassets */,
				C234B6782011FDC3005128F8 /* Main.storyboard */,
				C234B67B2011FDC3005128F8 /* Info.plist */,
				C234B67C2011FDC3005128F8 /* SingleViewTestingSync.entitlements */,
			);
			path = SingleViewTestingSync;
			sourceTree = "<group>";
		};
		C234B6842011FDC4005128F8 /* SingleViewTestingSyncTests */ = {
			isa = PBXGroup;
			children = (
				C234B6852011FDC4005128F8 /* SingleViewTestingSyncTests.swift */,
				C234B6872011FDC4005128F8 /* Info.plist */,
			);
			path = SingleViewTestingSyncTests;
			sourceTree = "<group>";
		};
		C234B68F2011FDC4005128F8 /* SingleViewTestingSyncUITests */ = {
			isa = PBXGroup;
			children = (
				C234B6902011FDC4005128F8 /* SingleViewTestingSyncUITests.swift */,
				C234B6922011FDC4005128F8 /* Info.plist */,
			);
			path = SingleViewTestingSyncUITests;
			sourceTree = "<group>";
		};
		C234B6A02011FFFD005128F8 /* SupportingFiles */ = {
			isa = PBXGroup;
			children = (
				C234B6722011FDC3005128F8 /* AppDelegate.swift */,
				C234B6A320120062005128F8 /* oversikt.csv */,
			);
			path = SupportingFiles;
			sourceTree = "<group>";
		};
		C234B6A520120300005128F8 /* Frameworks */ = {
			isa = PBXGroup;
			children = (
				C222792420123335008C53DB /* CloudKit.framework */,
			);
			name = Frameworks;
			sourceTree = "<group>";
		};
		C234B6A8201203BA005128F8 /* DataResource */ = {
			isa = PBXGroup;
			children = (
				C2227939201283ED008C53DB /* DataSourceManager.swift */,
				C222793B201283ED008C53DB /* MatchDataSource.swift */,
				C2227938201283ED008C53DB /* TeamDataSource.swift */,
				C222793A201283ED008C53DB /* TrainerDataSource.swift */,
				C234B6B82012065D005128F8 /* CloudKitDataSource.swift */,
				C234B6B620120612005128F8 /* GuardianDataSource.swift */,
				C234B6B4201205ED005128F8 /* FileDataSource.swift */,
				C234B6A9201203E2005128F8 /* PlayerDataSource.swift */,
			);
			path = DataResource;
			sourceTree = "<group>";
		};
		C234B6AD201205BA005128F8 /* Model */ = {
			isa = PBXGroup;
			children = (
				C222792B201283DF008C53DB /* LocalTeam.swift */,
				C2227927201283DF008C53DB /* Match.swift */,
				C222792C201283DF008C53DB /* MatchOfficial.swift */,
				C222792A201283DF008C53DB /* Practice.swift */,
				C2227926201283DF008C53DB /* Statistics.swift */,
				C222792D201283DF008C53DB /* Stopwatch.swift */,
				C2227929201283DF008C53DB /* Team.swift */,
				C222792E201283DF008C53DB /* Trainer.swift */,
				C2227928201283DF008C53DB /* Turnering.swift */,
				C234B6AF201205D1005128F8 /* Guardian.swift */,
				C234B6B0201205D1005128F8 /* Person.swift */,
				C234B6AE201205D1005128F8 /* Player.swift */,
			);
			name = Model;
			path = SingleViewTestingSync/Model;
			sourceTree = SOURCE_ROOT;
			usesTabs = 0;
		};
/* End PBXGroup section */

/* Begin PBXNativeTarget section */
		C234B66E2011FDC3005128F8 /* SingleViewTestingSync */ = {
			isa = PBXNativeTarget;
			buildConfigurationList = C234B6952011FDC4005128F8 /* Build configuration list for PBXNativeTarget "SingleViewTestingSync" */;
			buildPhases = (
				C234B66B2011FDC3005128F8 /* Sources */,
				C234B66C2011FDC3005128F8 /* Frameworks */,
				C234B66D2011FDC3005128F8 /* Resources */,
			);
			buildRules = (
			);
			dependencies = (
			);
			name = SingleViewTestingSync;
			productName = SingleViewTestingSync;
			productReference = C234B66F2011FDC3005128F8 /* SingleViewTestingSync.app */;
			productType = "com.apple.product-type.application";
		};
		C234B6802011FDC4005128F8 /* SingleViewTestingSyncTests */ = {
			isa = PBXNativeTarget;
			buildConfigurationList = C234B6982011FDC4005128F8 /* Build configuration list for PBXNativeTarget "SingleViewTestingSyncTests" */;
			buildPhases = (
				C234B67D2011FDC4005128F8 /* Sources */,
				C234B67E2011FDC4005128F8 /* Frameworks */,
				C234B67F2011FDC4005128F8 /* Resources */,
			);
			buildRules = (
			);
			dependencies = (
				C234B6832011FDC4005128F8 /* PBXTargetDependency */,
			);
			name = SingleViewTestingSyncTests;
			productName = SingleViewTestingSyncTests;
			productReference = C234B6812011FDC4005128F8 /* SingleViewTestingSyncTests.xctest */;
			productType = "com.apple.product-type.bundle.unit-test";
		};
		C234B68B2011FDC4005128F8 /* SingleViewTestingSyncUITests */ = {
			isa = PBXNativeTarget;
			buildConfigurationList = C234B69B2011FDC4005128F8 /* Build configuration list for PBXNativeTarget "SingleViewTestingSyncUITests" */;
			buildPhases = (
				C234B6882011FDC4005128F8 /* Sources */,
				C234B6892011FDC4005128F8 /* Frameworks */,
				C234B68A2011FDC4005128F8 /* Resources */,
			);
			buildRules = (
			);
			dependencies = (
				C234B68E2011FDC4005128F8 /* PBXTargetDependency */,
			);
			name = SingleViewTestingSyncUITests;
			productName = SingleViewTestingSyncUITests;
			productReference = C234B68C2011FDC4005128F8 /* SingleViewTestingSyncUITests.xctest */;
			productType = "com.apple.product-type.bundle.ui-testing";
		};
/* End PBXNativeTarget section */

/* Begin PBXProject section */
		C234B6672011FDC3005128F8 /* Project object */ = {
			isa = PBXProject;
			attributes = {
				LastSwiftUpdateCheck = 0920;
				LastUpgradeCheck = 0920;
				ORGANIZATIONNAME = "Jarle Heldstab";
				TargetAttributes = {
					C234B66E2011FDC3005128F8 = {
						CreatedOnToolsVersion = 9.2;
						ProvisioningStyle = Automatic;
						SystemCapabilities = {
							com.apple.ApplicationGroups.Mac = {
								enabled = 0;
							};
							com.apple.Push = {
								enabled = 1;
							};
							com.apple.iCloud = {
								enabled = 1;
							};
						};
					};
					C234B6802011FDC4005128F8 = {
						CreatedOnToolsVersion = 9.2;
						ProvisioningStyle = Automatic;
						TestTargetID = C234B66E2011FDC3005128F8;
					};
					C234B68B2011FDC4005128F8 = {
						CreatedOnToolsVersion = 9.2;
						ProvisioningStyle = Automatic;
						TestTargetID = C234B66E2011FDC3005128F8;
					};
				};
			};
			buildConfigurationList = C234B66A2011FDC3005128F8 /* Build configuration list for PBXProject "SingleViewTestingSync" */;
			compatibilityVersion = "Xcode 8.0";
			developmentRegion = en;
			hasScannedForEncodings = 0;
			knownRegions = (
				en,
				Base,
			);
			mainGroup = C234B6662011FDC3005128F8;
			productRefGroup = C234B6702011FDC3005128F8 /* Products */;
			projectDirPath = "";
			projectRoot = "";
			targets = (
				C234B66E2011FDC3005128F8 /* SingleViewTestingSync */,
				C234B6802011FDC4005128F8 /* SingleViewTestingSyncTests */,
				C234B68B2011FDC4005128F8 /* SingleViewTestingSyncUITests */,
			);
		};
/* End PBXProject section */

/* Begin PBXResourcesBuildPhase section */
		C234B66D2011FDC3005128F8 /* Resources */ = {
			isa = PBXResourcesBuildPhase;
			buildActionMask = 2147483647;
			files = (
				C234B6772011FDC3005128F8 /* Assets.xcassets in Resources */,
				C234B67A2011FDC3005128F8 /* Main.storyboard in Resources */,
				C234B6A420120062005128F8 /* oversikt.csv in Resources */,
			);
			runOnlyForDeploymentPostprocessing = 0;
		};
		C234B67F2011FDC4005128F8 /* Resources */ = {
			isa = PBXResourcesBuildPhase;
			buildActionMask = 2147483647;
			files = (
			);
			runOnlyForDeploymentPostprocessing = 0;
		};
		C234B68A2011FDC4005128F8 /* Resources */ = {
			isa = PBXResourcesBuildPhase;
			buildActionMask = 2147483647;
			files = (
			);
			runOnlyForDeploymentPostprocessing = 0;
		};
/* End PBXResourcesBuildPhase section */

/* Begin PBXSourcesBuildPhase section */
		C234B66B2011FDC3005128F8 /* Sources */ = {
			isa = PBXSourcesBuildPhase;
			buildActionMask = 2147483647;
			files = (
				C222793F201283ED008C53DB /* MatchDataSource.swift in Sources */,
				C2227931201283DF008C53DB /* Turnering.swift in Sources */,
				C234B6B3201205D1005128F8 /* Person.swift in Sources */,
				C2227933201283DF008C53DB /* Practice.swift in Sources */,
				C2227932201283DF008C53DB /* Team.swift in Sources */,
				C222793D201283ED008C53DB /* DataSourceManager.swift in Sources */,
				C222793C201283ED008C53DB /* TeamDataSource.swift in Sources */,
				C234B6B720120612005128F8 /* GuardianDataSource.swift in Sources */,
				C2227936201283DF008C53DB /* Stopwatch.swift in Sources */,
				C234B6B1201205D1005128F8 /* Player.swift in Sources */,
				C234B6752011FDC3005128F8 /* ViewController.swift in Sources */,
				C234B6B5201205ED005128F8 /* FileDataSource.swift in Sources */,
				C2227937201283DF008C53DB /* Trainer.swift in Sources */,
				C2227935201283DF008C53DB /* MatchOfficial.swift in Sources */,
				C234B6B2201205D1005128F8 /* Guardian.swift in Sources */,
				C234B6AA201203E2005128F8 /* PlayerDataSource.swift in Sources */,
				C234B6732011FDC3005128F8 /* AppDelegate.swift in Sources */,
				C222793E201283ED008C53DB /* TrainerDataSource.swift in Sources */,
				C2227934201283DF008C53DB /* LocalTeam.swift in Sources */,
				C2227930201283DF008C53DB /* Match.swift in Sources */,
				C222792F201283DF008C53DB /* Statistics.swift in Sources */,
				C234B6B92012065D005128F8 /* CloudKitDataSource.swift in Sources */,
			);
			runOnlyForDeploymentPostprocessing = 0;
		};
		C234B67D2011FDC4005128F8 /* Sources */ = {
			isa = PBXSourcesBuildPhase;
			buildActionMask = 2147483647;
			files = (
				C234B6862011FDC4005128F8 /* SingleViewTestingSyncTests.swift in Sources */,
			);
			runOnlyForDeploymentPostprocessing = 0;
		};
		C234B6882011FDC4005128F8 /* Sources */ = {
			isa = PBXSourcesBuildPhase;
			buildActionMask = 2147483647;
			files = (
				C234B6912011FDC4005128F8 /* SingleViewTestingSyncUITests.swift in Sources */,
			);
			runOnlyForDeploymentPostprocessing = 0;
		};
/* End PBXSourcesBuildPhase section */

/* Begin PBXTargetDependency section */
		C234B6832011FDC4005128F8 /* PBXTargetDependency */ = {
			isa = PBXTargetDependency;
			target = C234B66E2011FDC3005128F8 /* SingleViewTestingSync */;
			targetProxy = C234B6822011FDC4005128F8 /* PBXContainerItemProxy */;
		};
		C234B68E2011FDC4005128F8 /* PBXTargetDependency */ = {
			isa = PBXTargetDependency;
			target = C234B66E2011FDC3005128F8 /* SingleViewTestingSync */;
			targetProxy = C234B68D2011FDC4005128F8 /* PBXContainerItemProxy */;
		};
/* End PBXTargetDependency section */

/* Begin PBXVariantGroup section */
		C234B6782011FDC3005128F8 /* Main.storyboard */ = {
			isa = PBXVariantGroup;
			children = (
				C234B6792011FDC3005128F8 /* Base */,
			);
			name = Main.storyboard;
			sourceTree = "<group>";
		};
/* End PBXVariantGroup section */

/* Begin XCBuildConfiguration section */
		C234B6932011FDC4005128F8 /* Debug */ = {
			isa = XCBuildConfiguration;
			buildSettings = {
				ALWAYS_SEARCH_USER_PATHS = NO;
				CLANG_ANALYZER_NONNULL = YES;
				CLANG_ANALYZER_NUMBER_OBJECT_CONVERSION = YES_AGGRESSIVE;
				CLANG_CXX_LANGUAGE_STANDARD = "gnu++14";
				CLANG_CXX_LIBRARY = "libc++";
				CLANG_ENABLE_MODULES = YES;
				CLANG_ENABLE_OBJC_ARC = YES;
				CLANG_WARN_BLOCK_CAPTURE_AUTORELEASING = YES;
				CLANG_WARN_BOOL_CONVERSION = YES;
				CLANG_WARN_COMMA = YES;
				CLANG_WARN_CONSTANT_CONVERSION = YES;
				CLANG_WARN_DIRECT_OBJC_ISA_USAGE = YES_ERROR;
				CLANG_WARN_DOCUMENTATION_COMMENTS = YES;
				CLANG_WARN_EMPTY_BODY = YES;
				CLANG_WARN_ENUM_CONVERSION = YES;
				CLANG_WARN_INFINITE_RECURSION = YES;
				CLANG_WARN_INT_CONVERSION = YES;
				CLANG_WARN_NON_LITERAL_NULL_CONVERSION = YES;
				CLANG_WARN_OBJC_LITERAL_CONVERSION = YES;
				CLANG_WARN_OBJC_ROOT_CLASS = YES_ERROR;
				CLANG_WARN_RANGE_LOOP_ANALYSIS = YES;
				CLANG_WARN_STRICT_PROTOTYPES = YES;
				CLANG_WARN_SUSPICIOUS_MOVE = YES;
				CLANG_WARN_UNGUARDED_AVAILABILITY = YES_AGGRESSIVE;
				CLANG_WARN_UNREACHABLE_CODE = YES;
				CLANG_WARN__DUPLICATE_METHOD_MATCH = YES;
				CODE_SIGN_IDENTITY = "Mac Developer";
				COPY_PHASE_STRIP = NO;
				DEBUG_INFORMATION_FORMAT = dwarf;
				ENABLE_STRICT_OBJC_MSGSEND = YES;
				ENABLE_TESTABILITY = YES;
				GCC_C_LANGUAGE_STANDARD = gnu11;
				GCC_DYNAMIC_NO_PIC = NO;
				GCC_NO_COMMON_BLOCKS = YES;
				GCC_OPTIMIZATION_LEVEL = 0;
				GCC_PREPROCESSOR_DEFINITIONS = (
					"DEBUG=1",
					"$(inherited)",
				);
				GCC_WARN_64_TO_32_BIT_CONVERSION = YES;
				GCC_WARN_ABOUT_RETURN_TYPE = YES_ERROR;
				GCC_WARN_UNDECLARED_SELECTOR = YES;
				GCC_WARN_UNINITIALIZED_AUTOS = YES_AGGRESSIVE;
				GCC_WARN_UNUSED_FUNCTION = YES;
				GCC_WARN_UNUSED_VARIABLE = YES;
				MACOSX_DEPLOYMENT_TARGET = 10.13;
				MTL_ENABLE_DEBUG_INFO = YES;
				ONLY_ACTIVE_ARCH = YES;
				SDKROOT = macosx;
				SWIFT_ACTIVE_COMPILATION_CONDITIONS = DEBUG;
				SWIFT_OPTIMIZATION_LEVEL = "-Onone";
			};
			name = Debug;
		};
		C234B6942011FDC4005128F8 /* Release */ = {
			isa = XCBuildConfiguration;
			buildSettings = {
				ALWAYS_SEARCH_USER_PATHS = NO;
				CLANG_ANALYZER_NONNULL = YES;
				CLANG_ANALYZER_NUMBER_OBJECT_CONVERSION = YES_AGGRESSIVE;
				CLANG_CXX_LANGUAGE_STANDARD = "gnu++14";
				CLANG_CXX_LIBRARY = "libc++";
				CLANG_ENABLE_MODULES = YES;
				CLANG_ENABLE_OBJC_ARC = YES;
				CLANG_WARN_BLOCK_CAPTURE_AUTORELEASING = YES;
				CLANG_WARN_BOOL_CONVERSION = YES;
				CLANG_WARN_COMMA = YES;
				CLANG_WARN_CONSTANT_CONVERSION = YES;
				CLANG_WARN_DIRECT_OBJC_ISA_USAGE = YES_ERROR;
				CLANG_WARN_DOCUMENTATION_COMMENTS = YES;
				CLANG_WARN_EMPTY_BODY = YES;
				CLANG_WARN_ENUM_CONVERSION = YES;
				CLANG_WARN_INFINITE_RECURSION = YES;
				CLANG_WARN_INT_CONVERSION = YES;
				CLANG_WARN_NON_LITERAL_NULL_CONVERSION = YES;
				CLANG_WARN_OBJC_LITERAL_CONVERSION = YES;
				CLANG_WARN_OBJC_ROOT_CLASS = YES_ERROR;
				CLANG_WARN_RANGE_LOOP_ANALYSIS = YES;
				CLANG_WARN_STRICT_PROTOTYPES = YES;
				CLANG_WARN_SUSPICIOUS_MOVE = YES;
				CLANG_WARN_UNGUARDED_AVAILABILITY = YES_AGGRESSIVE;
				CLANG_WARN_UNREACHABLE_CODE = YES;
				CLANG_WARN__DUPLICATE_METHOD_MATCH = YES;
				CODE_SIGN_IDENTITY = "Mac Developer";
				COPY_PHASE_STRIP = NO;
				DEBUG_INFORMATION_FORMAT = "dwarf-with-dsym";
				ENABLE_NS_ASSERTIONS = NO;
				ENABLE_STRICT_OBJC_MSGSEND = YES;
				GCC_C_LANGUAGE_STANDARD = gnu11;
				GCC_NO_COMMON_BLOCKS = YES;
				GCC_WARN_64_TO_32_BIT_CONVERSION = YES;
				GCC_WARN_ABOUT_RETURN_TYPE = YES_ERROR;
				GCC_WARN_UNDECLARED_SELECTOR = YES;
				GCC_WARN_UNINITIALIZED_AUTOS = YES_AGGRESSIVE;
				GCC_WARN_UNUSED_FUNCTION = YES;
				GCC_WARN_UNUSED_VARIABLE = YES;
				MACOSX_DEPLOYMENT_TARGET = 10.13;
				MTL_ENABLE_DEBUG_INFO = NO;
				SDKROOT = macosx;
				SWIFT_OPTIMIZATION_LEVEL = "-Owholemodule";
			};
			name = Release;
		};
		C234B6962011FDC4005128F8 /* Debug */ = {
			isa = XCBuildConfiguration;
			buildSettings = {
				ASSETCATALOG_COMPILER_APPICON_NAME = AppIcon;
				CODE_SIGN_ENTITLEMENTS = SingleViewTestingSync/SingleViewTestingSync.entitlements;
				CODE_SIGN_IDENTITY = "Mac Developer";
				CODE_SIGN_STYLE = Automatic;
				COMBINE_HIDPI_IMAGES = YES;
				DEVELOPMENT_TEAM = YUCNWRRKS3;
				INFOPLIST_FILE = SingleViewTestingSync/Info.plist;
				LD_RUNPATH_SEARCH_PATHS = "$(inherited) @executable_path/../Frameworks";
				PRODUCT_BUNDLE_IDENTIFIER = com.yourcompany.SingleViewTestingSync.SingleViewTestingSync;
				PRODUCT_NAME = "$(TARGET_NAME)";
				PROVISIONING_PROFILE_SPECIFIER = "";
				SWIFT_VERSION = 4.0;
			};
			name = Debug;
		};
		C234B6972011FDC4005128F8 /* Release */ = {
			isa = XCBuildConfiguration;
			buildSettings = {
				ASSETCATALOG_COMPILER_APPICON_NAME = AppIcon;
				CODE_SIGN_ENTITLEMENTS = SingleViewTestingSync/SingleViewTestingSync.entitlements;
				CODE_SIGN_IDENTITY = "Mac Developer";
				CODE_SIGN_STYLE = Automatic;
				COMBINE_HIDPI_IMAGES = YES;
				DEVELOPMENT_TEAM = YUCNWRRKS3;
				INFOPLIST_FILE = SingleViewTestingSync/Info.plist;
				LD_RUNPATH_SEARCH_PATHS = "$(inherited) @executable_path/../Frameworks";
				PRODUCT_BUNDLE_IDENTIFIER = com.yourcompany.SingleViewTestingSync.SingleViewTestingSync;
				PRODUCT_NAME = "$(TARGET_NAME)";
				PROVISIONING_PROFILE_SPECIFIER = "";
				SWIFT_VERSION = 4.0;
			};
			name = Release;
		};
		C234B6992011FDC4005128F8 /* Debug */ = {
			isa = XCBuildConfiguration;
			buildSettings = {
				ALWAYS_EMBED_SWIFT_STANDARD_LIBRARIES = YES;
				BUNDLE_LOADER = "$(TEST_HOST)";
				CODE_SIGN_STYLE = Automatic;
				COMBINE_HIDPI_IMAGES = YES;
				DEVELOPMENT_TEAM = YUCNWRRKS3;
				INFOPLIST_FILE = SingleViewTestingSyncTests/Info.plist;
				LD_RUNPATH_SEARCH_PATHS = "$(inherited) @executable_path/../Frameworks @loader_path/../Frameworks";
				PRODUCT_BUNDLE_IDENTIFIER = com.yourcompany.SingleViewTestingSync.SingleViewTestingSyncTests;
				PRODUCT_NAME = "$(TARGET_NAME)";
				SWIFT_VERSION = 4.0;
				TEST_HOST = "$(BUILT_PRODUCTS_DIR)/SingleViewTestingSync.app/Contents/MacOS/SingleViewTestingSync";
			};
			name = Debug;
		};
		C234B69A2011FDC4005128F8 /* Release */ = {
			isa = XCBuildConfiguration;
			buildSettings = {
				ALWAYS_EMBED_SWIFT_STANDARD_LIBRARIES = YES;
				BUNDLE_LOADER = "$(TEST_HOST)";
				CODE_SIGN_STYLE = Automatic;
				COMBINE_HIDPI_IMAGES = YES;
				DEVELOPMENT_TEAM = YUCNWRRKS3;
				INFOPLIST_FILE = SingleViewTestingSyncTests/Info.plist;
				LD_RUNPATH_SEARCH_PATHS = "$(inherited) @executable_path/../Frameworks @loader_path/../Frameworks";
				PRODUCT_BUNDLE_IDENTIFIER = com.yourcompany.SingleViewTestingSync.SingleViewTestingSyncTests;
				PRODUCT_NAME = "$(TARGET_NAME)";
				SWIFT_VERSION = 4.0;
				TEST_HOST = "$(BUILT_PRODUCTS_DIR)/SingleViewTestingSync.app/Contents/MacOS/SingleViewTestingSync";
			};
			name = Release;
		};
		C234B69C2011FDC4005128F8 /* Debug */ = {
			isa = XCBuildConfiguration;
			buildSettings = {
				ALWAYS_EMBED_SWIFT_STANDARD_LIBRARIES = YES;
				CODE_SIGN_STYLE = Automatic;
				COMBINE_HIDPI_IMAGES = YES;
				DEVELOPMENT_TEAM = YUCNWRRKS3;
				INFOPLIST_FILE = SingleViewTestingSyncUITests/Info.plist;
				LD_RUNPATH_SEARCH_PATHS = "$(inherited) @executable_path/../Frameworks @loader_path/../Frameworks";
				PRODUCT_BUNDLE_IDENTIFIER = com.yourcompany.SingleViewTestingSync.SingleViewTestingSyncUITests;
				PRODUCT_NAME = "$(TARGET_NAME)";
				SWIFT_VERSION = 4.0;
				TEST_TARGET_NAME = SingleViewTestingSync;
			};
			name = Debug;
		};
		C234B69D2011FDC4005128F8 /* Release */ = {
			isa = XCBuildConfiguration;
			buildSettings = {
				ALWAYS_EMBED_SWIFT_STANDARD_LIBRARIES = YES;
				CODE_SIGN_STYLE = Automatic;
				COMBINE_HIDPI_IMAGES = YES;
				DEVELOPMENT_TEAM = YUCNWRRKS3;
				INFOPLIST_FILE = SingleViewTestingSyncUITests/Info.plist;
				LD_RUNPATH_SEARCH_PATHS = "$(inherited) @executable_path/../Frameworks @loader_path/../Frameworks";
				PRODUCT_BUNDLE_IDENTIFIER = com.yourcompany.SingleViewTestingSync.SingleViewTestingSyncUITests;
				PRODUCT_NAME = "$(TARGET_NAME)";
				SWIFT_VERSION = 4.0;
				TEST_TARGET_NAME = SingleViewTestingSync;
			};
			name = Release;
		};
/* End XCBuildConfiguration section */

/* Begin XCConfigurationList section */
		C234B66A2011FDC3005128F8 /* Build configuration list for PBXProject "SingleViewTestingSync" */ = {
			isa = XCConfigurationList;
			buildConfigurations = (
				C234B6932011FDC4005128F8 /* Debug */,
				C234B6942011FDC4005128F8 /* Release */,
			);
			defaultConfigurationIsVisible = 0;
			defaultConfigurationName = Release;
		};
		C234B6952011FDC4005128F8 /* Build configuration list for PBXNativeTarget "SingleViewTestingSync" */ = {
			isa = XCConfigurationList;
			buildConfigurations = (
				C234B6962011FDC4005128F8 /* Debug */,
				C234B6972011FDC4005128F8 /* Release */,
			);
			defaultConfigurationIsVisible = 0;
			defaultConfigurationName = Release;
		};
		C234B6982011FDC4005128F8 /* Build configuration list for PBXNativeTarget "SingleViewTestingSyncTests" */ = {
			isa = XCConfigurationList;
			buildConfigurations = (
				C234B6992011FDC4005128F8 /* Debug */,
				C234B69A2011FDC4005128F8 /* Release */,
			);
			defaultConfigurationIsVisible = 0;
			defaultConfigurationName = Release;
		};
		C234B69B2011FDC4005128F8 /* Build configuration list for PBXNativeTarget "SingleViewTestingSyncUITests" */ = {
			isa = XCConfigurationList;
			buildConfigurations = (
				C234B69C2011FDC4005128F8 /* Debug */,
				C234B69D2011FDC4005128F8 /* Release */,
			);
			defaultConfigurationIsVisible = 0;
			defaultConfigurationName = Release;
		};
/* End XCConfigurationList section */
	};
	rootObject = C234B6672011FDC3005128F8 /* Project object */;
}
