// !$*UTF8*$!
{
	archiveVersion = 1;
	classes = {
	};
	objectVersion = 48;
	objects = {

/* Begin PBXBuildFile section */
		C234B6732011FDC3005128F8 /* AppDelegate.swift in Sources */ = {isa = PBXBuildFile; fileRef = C234B6722011FDC3005128F8 /* AppDelegate.swift */; };
		C234B6752011FDC3005128F8 /* ViewController.swift in Sources */ = {isa = PBXBuildFile; fileRef = C234B6742011FDC3005128F8 /* ViewController.swift */; };
		C234B6772011FDC3005128F8 /* Assets.xcassets in Resources */ = {isa = PBXBuildFile; fileRef = C234B6762011FDC3005128F8 /* Assets.xcassets */; };
		C234B67A2011FDC3005128F8 /* Main.storyboard in Resources */ = {isa = PBXBuildFile; fileRef = C234B6782011FDC3005128F8 /* Main.storyboard */; };
		C234B6862011FDC4005128F8 /* SingleViewTestingSyncTests.swift in Sources */ = {isa = PBXBuildFile; fileRef = C234B6852011FDC4005128F8 /* SingleViewTestingSyncTests.swift */; };
		C234B6912011FDC4005128F8 /* SingleViewTestingSyncUITests.swift in Sources */ = {isa = PBXBuildFile; fileRef = C234B6902011FDC4005128F8 /* SingleViewTestingSyncUITests.swift */; };
/* End PBXBuildFile section */

/* Begin PBXContainerItemProxy section */
		C234B6822011FDC4005128F8 /* PBXContainerItemProxy */ = {
			isa = PBXContainerItemProxy;
			containerPortal = C234B6672011FDC3005128F8 /* Project object */;
			proxyType = 1;
			remoteGlobalIDString = C234B66E2011FDC3005128F8;
			remoteInfo = SingleViewTestingSync;
		};
		C234B68D2011FDC4005128F8 /* PBXContainerItemProxy */ = {
			isa = PBXContainerItemProxy;
			containerPortal = C234B6672011FDC3005128F8 /* Project object */;
			proxyType = 1;
			remoteGlobalIDString = C234B66E2011FDC3005128F8;
			remoteInfo = SingleViewTestingSync;
		};
/* End PBXContainerItemProxy section */

/* Begin PBXFileReference section */
		C234B66F2011FDC3005128F8 /* SingleViewTestingSync.app */ = {isa = PBXFileReference; explicitFileType = wrapper.application; includeInIndex = 0; path = SingleViewTestingSync.app; sourceTree = BUILT_PRODUCTS_DIR; };
		C234B6722011FDC3005128F8 /* AppDelegate.swift */ = {isa = PBXFileReference; lastKnownFileType = sourcecode.swift; path = AppDelegate.swift; sourceTree = "<group>"; };
		C234B6742011FDC3005128F8 /* ViewController.swift */ = {isa = PBXFileReference; lastKnownFileType = sourcecode.swift; path = ViewController.swift; sourceTree = "<group>"; };
		C234B6762011FDC3005128F8 /* Assets.xcassets */ = {isa = PBXFileReference; lastKnownFileType = folder.assetcatalog; path = Assets.xcassets; sourceTree = "<group>"; };
		C234B6792011FDC3005128F8 /* Base */ = {isa = PBXFileReference; lastKnownFileType = file.storyboard; name = Base; path = Base.lproj/Main.storyboard; sourceTree = "<group>"; };
		C234B67B2011FDC3005128F8 /* Info.plist */ = {isa = PBXFileReference; lastKnownFileType = text.plist.xml; path = Info.plist; sourceTree = "<group>"; };
		C234B67C2011FDC3005128F8 /* SingleViewTestingSync.entitlements */ = {isa = PBXFileReference; lastKnownFileType = text.plist.entitlements; path = SingleViewTestingSync.entitlements; sourceTree = "<group>"; };
		C234B6812011FDC4005128F8 /* SingleViewTestingSyncTests.xctest */ = {isa = PBXFileReference; explicitFileType = wrapper.cfbundle; includeInIndex = 0; path = SingleViewTestingSyncTests.xctest; sourceTree = BUILT_PRODUCTS_DIR; };
		C234B6852011FDC4005128F8 /* SingleViewTestingSyncTests.swift */ = {isa = PBXFileReference; lastKnownFileType = sourcecode.swift; path = SingleViewTestingSyncTests.swift; sourceTree = "<group>"; };
		C234B6872011FDC4005128F8 /* Info.plist */ = {isa = PBXFileReference; lastKnownFileType = text.plist.xml; path = Info.plist; sourceTree = "<group>"; };
		C234B68C2011FDC4005128F8 /* SingleViewTestingSyncUITests.xctest */ = {isa = PBXFileReference; explicitFileType = wrapper.cfbundle; includeInIndex = 0; path = SingleViewTestingSyncUITests.xctest; sourceTree = BUILT_PRODUCTS_DIR; };
		C234B6902011FDC4005128F8 /* SingleViewTestingSyncUITests.swift */ = {isa = PBXFileReference; lastKnownFileType = sourcecode.swift; path = SingleViewTestingSyncUITests.swift; sourceTree = "<group>"; };
		C234B6922011FDC4005128F8 /* Info.plist */ = {isa = PBXFileReference; lastKnownFileType = text.plist.xml; path = Info.plist; sourceTree = "<group>"; };
/* End PBXFileReference section */

/* Begin PBXFrameworksBuildPhase section */
		C234B66C2011FDC3005128F8 /* Frameworks */ = {
			isa = PBXFrameworksBuildPhase;
			buildActionMask = 2147483647;
			files = (
			);
			runOnlyForDeploymentPostprocessing = 0;
		};
		C234B67E2011FDC4005128F8 /* Frameworks */ = {
			isa = PBXFrameworksBuildPhase;
			buildActionMask = 2147483647;
			files = (
			);
			runOnlyForDeploymentPostprocessing = 0;
		};
		C234B6892011FDC4005128F8 /* Frameworks */ = {
			isa = PBXFrameworksBuildPhase;
			buildActionMask = 2147483647;
			files = (
			);
			runOnlyForDeploymentPostprocessing = 0;
		};
/* End PBXFrameworksBuildPhase section */

/* Begin PBXGroup section */
		C234B6662011FDC3005128F8 = {
			isa = PBXGroup;
			children = (
				C234B6712011FDC3005128F8 /* SingleViewTestingSync */,
				C234B6842011FDC4005128F8 /* SingleViewTestingSyncTests */,
				C234B68F2011FDC4005128F8 /* SingleViewTestingSyncUITests */,
				C234B6702011FDC3005128F8 /* Products */,
			);
			sourceTree = "<group>";
		};
		C234B6702011FDC3005128F8 /* Products */ = {
			isa = PBXGroup;
			children = (
				C234B66F2011FDC3005128F8 /* SingleViewTestingSync.app */,
				C234B6812011FDC4005128F8 /* SingleViewTestingSyncTests.xctest */,
				C234B68C2011FDC4005128F8 /* SingleViewTestingSyncUITests.xctest */,
			);
			name = Products;
			sourceTree = "<group>";
		};
		C234B6712011FDC3005128F8 /* SingleViewTestingSync */ = {
			isa = PBXGroup;
			children = (
				C234B6722011FDC3005128F8 /* AppDelegate.swift */,
				C234B6742011FDC3005128F8 /* ViewController.swift */,
				C234B6762011FDC3005128F8 /* Assets.xcassets */,
				C234B6782011FDC3005128F8 /* Main.storyboard */,
				C234B67B2011FDC3005128F8 /* Info.plist */,
				C234B67C2011FDC3005128F8 /* SingleViewTestingSync.entitlements */,
			);
			path = SingleViewTestingSync;
			sourceTree = "<group>";
		};
		C234B6842011FDC4005128F8 /* SingleViewTestingSyncTests */ = {
			isa = PBXGroup;
			children = (
				C234B6852011FDC4005128F8 /* SingleViewTestingSyncTests.swift */,
				C234B6872011FDC4005128F8 /* Info.plist */,
			);
			path = SingleViewTestingSyncTests;
			sourceTree = "<group>";
		};
		C234B68F2011FDC4005128F8 /* SingleViewTestingSyncUITests */ = {
			isa = PBXGroup;
			children = (
				C234B6902011FDC4005128F8 /* SingleViewTestingSyncUITests.swift */,
				C234B6922011FDC4005128F8 /* Info.plist */,
			);
			path = SingleViewTestingSyncUITests;
			sourceTree = "<group>";
		};
/* End PBXGroup section */

/* Begin PBXNativeTarget section */
		C234B66E2011FDC3005128F8 /* SingleViewTestingSync */ = {
			isa = PBXNativeTarget;
			buildConfigurationList = C234B6952011FDC4005128F8 /* Build configuration list for PBXNativeTarget "SingleViewTestingSync" */;
			buildPhases = (
				C234B66B2011FDC3005128F8 /* Sources */,
				C234B66C2011FDC3005128F8 /* Frameworks */,
				C234B66D2011FDC3005128F8 /* Resources */,
			);
			buildRules = (
			);
			dependencies = (
			);
			name = SingleViewTestingSync;
			productName = SingleViewTestingSync;
			productReference = C234B66F2011FDC3005128F8 /* SingleViewTestingSync.app */;
			productType = "com.apple.product-type.application";
		};
		C234B6802011FDC4005128F8 /* SingleViewTestingSyncTests */ = {
			isa = PBXNativeTarget;
			buildConfigurationList = C234B6982011FDC4005128F8 /* Build configuration list for PBXNativeTarget "SingleViewTestingSyncTests" */;
			buildPhases = (
				C234B67D2011FDC4005128F8 /* Sources */,
				C234B67E2011FDC4005128F8 /* Frameworks */,
				C234B67F2011FDC4005128F8 /* Resources */,
			);
			buildRules = (
			);
			dependencies = (
				C234B6832011FDC4005128F8 /* PBXTargetDependency */,
			);
			name = SingleViewTestingSyncTests;
			productName = SingleViewTestingSyncTests;
			productReference = C234B6812011FDC4005128F8 /* SingleViewTestingSyncTests.xctest */;
			productType = "com.apple.product-type.bundle.unit-test";
		};
		C234B68B2011FDC4005128F8 /* SingleViewTestingSyncUITests */ = {
			isa = PBXNativeTarget;
			buildConfigurationList = C234B69B2011FDC4005128F8 /* Build configuration list for PBXNativeTarget "SingleViewTestingSyncUITests" */;
			buildPhases = (
				C234B6882011FDC4005128F8 /* Sources */,
				C234B6892011FDC4005128F8 /* Frameworks */,
				C234B68A2011FDC4005128F8 /* Resources */,
			);
			buildRules = (
			);
			dependencies = (
				C234B68E2011FDC4005128F8 /* PBXTargetDependency */,
			);
			name = SingleViewTestingSyncUITests;
			productName = SingleViewTestingSyncUITests;
			productReference = C234B68C2011FDC4005128F8 /* SingleViewTestingSyncUITests.xctest */;
			productType = "com.apple.product-type.bundle.ui-testing";
		};
/* End PBXNativeTarget section */

/* Begin PBXProject section */
		C234B6672011FDC3005128F8 /* Project object */ = {
			isa = PBXProject;
			attributes = {
				LastSwiftUpdateCheck = 0920;
				LastUpgradeCheck = 0920;
				ORGANIZATIONNAME = "Jarle Heldstab";
				TargetAttributes = {
					C234B66E2011FDC3005128F8 = {
						CreatedOnToolsVersion = 9.2;
						ProvisioningStyle = Automatic;
					};
					C234B6802011FDC4005128F8 = {
						CreatedOnToolsVersion = 9.2;
						ProvisioningStyle = Automatic;
						TestTargetID = C234B66E2011FDC3005128F8;
					};
					C234B68B2011FDC4005128F8 = {
						CreatedOnToolsVersion = 9.2;
						ProvisioningStyle = Automatic;
						TestTargetID = C234B66E2011FDC3005128F8;
					};
				};
			};
			buildConfigurationList = C234B66A2011FDC3005128F8 /* Build configuration list for PBXProject "SingleViewTestingSync" */;
			compatibilityVersion = "Xcode 8.0";
			developmentRegion = en;
			hasScannedForEncodings = 0;
			knownRegions = (
				en,
				Base,
			);
			mainGroup = C234B6662011FDC3005128F8;
			productRefGroup = C234B6702011FDC3005128F8 /* Products */;
			projectDirPath = "";
			projectRoot = "";
			targets = (
				C234B66E2011FDC3005128F8 /* SingleViewTestingSync */,
				C234B6802011FDC4005128F8 /* SingleViewTestingSyncTests */,
				C234B68B2011FDC4005128F8 /* SingleViewTestingSyncUITests */,
			);
		};
/* End PBXProject section */

/* Begin PBXResourcesBuildPhase section */
		C234B66D2011FDC3005128F8 /* Resources */ = {
			isa = PBXResourcesBuildPhase;
			buildActionMask = 2147483647;
			files = (
				C234B6772011FDC3005128F8 /* Assets.xcassets in Resources */,
				C234B67A2011FDC3005128F8 /* Main.storyboard in Resources */,
			);
			runOnlyForDeploymentPostprocessing = 0;
		};
		C234B67F2011FDC4005128F8 /* Resources */ = {
			isa = PBXResourcesBuildPhase;
			buildActionMask = 2147483647;
			files = (
			);
			runOnlyForDeploymentPostprocessing = 0;
		};
		C234B68A2011FDC4005128F8 /* Resources */ = {
			isa = PBXResourcesBuildPhase;
			buildActionMask = 2147483647;
			files = (
			);
			runOnlyForDeploymentPostprocessing = 0;
		};
/* End PBXResourcesBuildPhase section */

/* Begin PBXSourcesBuildPhase section */
		C234B66B2011FDC3005128F8 /* Sources */ = {
			isa = PBXSourcesBuildPhase;
			buildActionMask = 2147483647;
			files = (
				C234B6752011FDC3005128F8 /* ViewController.swift in Sources */,
				C234B6732011FDC3005128F8 /* AppDelegate.swift in Sources */,
			);
			runOnlyForDeploymentPostprocessing = 0;
		};
		C234B67D2011FDC4005128F8 /* Sources */ = {
			isa = PBXSourcesBuildPhase;
			buildActionMask = 2147483647;
			files = (
				C234B6862011FDC4005128F8 /* SingleViewTestingSyncTests.swift in Sources */,
			);
			runOnlyForDeploymentPostprocessing = 0;
		};
		C234B6882011FDC4005128F8 /* Sources */ = {
			isa = PBXSourcesBuildPhase;
			buildActionMask = 2147483647;
			files = (
				C234B6912011FDC4005128F8 /* SingleViewTestingSyncUITests.swift in Sources */,
			);
			runOnlyForDeploymentPostprocessing = 0;
		};
/* End PBXSourcesBuildPhase section */

/* Begin PBXTargetDependency section */
		C234B6832011FDC4005128F8 /* PBXTargetDependency */ = {
			isa = PBXTargetDependency;
			target = C234B66E2011FDC3005128F8 /* SingleViewTestingSync */;
			targetProxy = C234B6822011FDC4005128F8 /* PBXContainerItemProxy */;
		};
		C234B68E2011FDC4005128F8 /* PBXTargetDependency */ = {
			isa = PBXTargetDependency;
			target = C234B66E2011FDC3005128F8 /* SingleViewTestingSync */;
			targetProxy = C234B68D2011FDC4005128F8 /* PBXContainerItemProxy */;
		};
/* End PBXTargetDependency section */

/* Begin PBXVariantGroup section */
		C234B6782011FDC3005128F8 /* Main.storyboard */ = {
			isa = PBXVariantGroup;
			children = (
				C234B6792011FDC3005128F8 /* Base */,
			);
			name = Main.storyboard;
			sourceTree = "<group>";
		};
/* End PBXVariantGroup section */

/* Begin XCBuildConfiguration section */
		C234B6932011FDC4005128F8 /* Debug */ = {
			isa = XCBuildConfiguration;
			buildSettings = {
				ALWAYS_SEARCH_USER_PATHS = NO;
				CLANG_ANALYZER_NONNULL = YES;
				CLANG_ANALYZER_NUMBER_OBJECT_CONVERSION = YES_AGGRESSIVE;
				CLANG_CXX_LANGUAGE_STANDARD = "gnu++14";
				CLANG_CXX_LIBRARY = "libc++";
				CLANG_ENABLE_MODULES = YES;
				CLANG_ENABLE_OBJC_ARC = YES;
				CLANG_WARN_BLOCK_CAPTURE_AUTORELEASING = YES;
				CLANG_WARN_BOOL_CONVERSION = YES;
				CLANG_WARN_COMMA = YES;
				CLANG_WARN_CONSTANT_CONVERSION = YES;
				CLANG_WARN_DIRECT_OBJC_ISA_USAGE = YES_ERROR;
				CLANG_WARN_DOCUMENTATION_COMMENTS = YES;
				CLANG_WARN_EMPTY_BODY = YES;
				CLANG_WARN_ENUM_CONVERSION = YES;
				CLANG_WARN_INFINITE_RECURSION = YES;
				CLANG_WARN_INT_CONVERSION = YES;
				CLANG_WARN_NON_LITERAL_NULL_CONVERSION = YES;
				CLANG_WARN_OBJC_LITERAL_CONVERSION = YES;
				CLANG_WARN_OBJC_ROOT_CLASS = YES_ERROR;
				CLANG_WARN_RANGE_LOOP_ANALYSIS = YES;
				CLANG_WARN_STRICT_PROTOTYPES = YES;
				CLANG_WARN_SUSPICIOUS_MOVE = YES;
				CLANG_WARN_UNGUARDED_AVAILABILITY = YES_AGGRESSIVE;
				CLANG_WARN_UNREACHABLE_CODE = YES;
				CLANG_WARN__DUPLICATE_METHOD_MATCH = YES;
				CODE_SIGN_IDENTITY = "Mac Developer";
				COPY_PHASE_STRIP = NO;
				DEBUG_INFORMATION_FORMAT = dwarf;
				ENABLE_STRICT_OBJC_MSGSEND = YES;
				ENABLE_TESTABILITY = YES;
				GCC_C_LANGUAGE_STANDARD = gnu11;
				GCC_DYNAMIC_NO_PIC = NO;
				GCC_NO_COMMON_BLOCKS = YES;
				GCC_OPTIMIZATION_LEVEL = 0;
				GCC_PREPROCESSOR_DEFINITIONS = (
					"DEBUG=1",
					"$(inherited)",
				);
				GCC_WARN_64_TO_32_BIT_CONVERSION = YES;
				GCC_WARN_ABOUT_RETURN_TYPE = YES_ERROR;
				GCC_WARN_UNDECLARED_SELECTOR = YES;
				GCC_WARN_UNINITIALIZED_AUTOS = YES_AGGRESSIVE;
				GCC_WARN_UNUSED_FUNCTION = YES;
				GCC_WARN_UNUSED_VARIABLE = YES;
				MACOSX_DEPLOYMENT_TARGET = 10.13;
				MTL_ENABLE_DEBUG_INFO = YES;
				ONLY_ACTIVE_ARCH = YES;
				SDKROOT = macosx;
				SWIFT_ACTIVE_COMPILATION_CONDITIONS = DEBUG;
				SWIFT_OPTIMIZATION_LEVEL = "-Onone";
			};
			name = Debug;
		};
		C234B6942011FDC4005128F8 /* Release */ = {
			isa = XCBuildConfiguration;
			buildSettings = {
				ALWAYS_SEARCH_USER_PATHS = NO;
				CLANG_ANALYZER_NONNULL = YES;
				CLANG_ANALYZER_NUMBER_OBJECT_CONVERSION = YES_AGGRESSIVE;
				CLANG_CXX_LANGUAGE_STANDARD = "gnu++14";
				CLANG_CXX_LIBRARY = "libc++";
				CLANG_ENABLE_MODULES = YES;
				CLANG_ENABLE_OBJC_ARC = YES;
				CLANG_WARN_BLOCK_CAPTURE_AUTORELEASING = YES;
				CLANG_WARN_BOOL_CONVERSION = YES;
				CLANG_WARN_COMMA = YES;
				CLANG_WARN_CONSTANT_CONVERSION = YES;
				CLANG_WARN_DIRECT_OBJC_ISA_USAGE = YES_ERROR;
				CLANG_WARN_DOCUMENTATION_COMMENTS = YES;
				CLANG_WARN_EMPTY_BODY = YES;
				CLANG_WARN_ENUM_CONVERSION = YES;
				CLANG_WARN_INFINITE_RECURSION = YES;
				CLANG_WARN_INT_CONVERSION = YES;
				CLANG_WARN_NON_LITERAL_NULL_CONVERSION = YES;
				CLANG_WARN_OBJC_LITERAL_CONVERSION = YES;
				CLANG_WARN_OBJC_ROOT_CLASS = YES_ERROR;
				CLANG_WARN_RANGE_LOOP_ANALYSIS = YES;
				CLANG_WARN_STRICT_PROTOTYPES = YES;
				CLANG_WARN_SUSPICIOUS_MOVE = YES;
				CLANG_WARN_UNGUARDED_AVAILABILITY = YES_AGGRESSIVE;
				CLANG_WARN_UNREACHABLE_CODE = YES;
				CLANG_WARN__DUPLICATE_METHOD_MATCH = YES;
				CODE_SIGN_IDENTITY = "Mac Developer";
				COPY_PHASE_STRIP = NO;
				DEBUG_INFORMATION_FORMAT = "dwarf-with-dsym";
				ENABLE_NS_ASSERTIONS = NO;
				ENABLE_STRICT_OBJC_MSGSEND = YES;
				GCC_C_LANGUAGE_STANDARD = gnu11;
				GCC_NO_COMMON_BLOCKS = YES;
				GCC_WARN_64_TO_32_BIT_CONVERSION = YES;
				GCC_WARN_ABOUT_RETURN_TYPE = YES_ERROR;
				GCC_WARN_UNDECLARED_SELECTOR = YES;
				GCC_WARN_UNINITIALIZED_AUTOS = YES_AGGRESSIVE;
				GCC_WARN_UNUSED_FUNCTION = YES;
				GCC_WARN_UNUSED_VARIABLE = YES;
				MACOSX_DEPLOYMENT_TARGET = 10.13;
				MTL_ENABLE_DEBUG_INFO = NO;
				SDKROOT = macosx;
				SWIFT_OPTIMIZATION_LEVEL = "-Owholemodule";
			};
			name = Release;
		};
		C234B6962011FDC4005128F8 /* Debug */ = {
			isa = XCBuildConfiguration;
			buildSettings = {
				ASSETCATALOG_COMPILER_APPICON_NAME = AppIcon;
				CODE_SIGN_ENTITLEMENTS = SingleViewTestingSync/SingleViewTestingSync.entitlements;
				CODE_SIGN_STYLE = Automatic;
				COMBINE_HIDPI_IMAGES = YES;
				DEVELOPMENT_TEAM = YUCNWRRKS3;
				INFOPLIST_FILE = SingleViewTestingSync/Info.plist;
				LD_RUNPATH_SEARCH_PATHS = "$(inherited) @executable_path/../Frameworks";
				PRODUCT_BUNDLE_IDENTIFIER = com.yourcompany.SingleViewTestingSync.SingleViewTestingSync;
				PRODUCT_NAME = "$(TARGET_NAME)";
				SWIFT_VERSION = 4.0;
			};
			name = Debug;
		};
		C234B6972011FDC4005128F8 /* Release */ = {
			isa = XCBuildConfiguration;
			buildSettings = {
				ASSETCATALOG_COMPILER_APPICON_NAME = AppIcon;
				CODE_SIGN_ENTITLEMENTS = SingleViewTestingSync/SingleViewTestingSync.entitlements;
				CODE_SIGN_STYLE = Automatic;
				COMBINE_HIDPI_IMAGES = YES;
				DEVELOPMENT_TEAM = YUCNWRRKS3;
				INFOPLIST_FILE = SingleViewTestingSync/Info.plist;
				LD_RUNPATH_SEARCH_PATHS = "$(inherited) @executable_path/../Frameworks";
				PRODUCT_BUNDLE_IDENTIFIER = com.yourcompany.SingleViewTestingSync.SingleViewTestingSync;
				PRODUCT_NAME = "$(TARGET_NAME)";
				SWIFT_VERSION = 4.0;
			};
			name = Release;
		};
		C234B6992011FDC4005128F8 /* Debug */ = {
			isa = XCBuildConfiguration;
			buildSettings = {
				ALWAYS_EMBED_SWIFT_STANDARD_LIBRARIES = YES;
				BUNDLE_LOADER = "$(TEST_HOST)";
				CODE_SIGN_STYLE = Automatic;
				COMBINE_HIDPI_IMAGES = YES;
				DEVELOPMENT_TEAM = YUCNWRRKS3;
				INFOPLIST_FILE = SingleViewTestingSyncTests/Info.plist;
				LD_RUNPATH_SEARCH_PATHS = "$(inherited) @executable_path/../Frameworks @loader_path/../Frameworks";
				PRODUCT_BUNDLE_IDENTIFIER = com.yourcompany.SingleViewTestingSync.SingleViewTestingSyncTests;
				PRODUCT_NAME = "$(TARGET_NAME)";
				SWIFT_VERSION = 4.0;
				TEST_HOST = "$(BUILT_PRODUCTS_DIR)/SingleViewTestingSync.app/Contents/MacOS/SingleViewTestingSync";
			};
			name = Debug;
		};
		C234B69A2011FDC4005128F8 /* Release */ = {
			isa = XCBuildConfiguration;
			buildSettings = {
				ALWAYS_EMBED_SWIFT_STANDARD_LIBRARIES = YES;
				BUNDLE_LOADER = "$(TEST_HOST)";
				CODE_SIGN_STYLE = Automatic;
				COMBINE_HIDPI_IMAGES = YES;
				DEVELOPMENT_TEAM = YUCNWRRKS3;
				INFOPLIST_FILE = SingleViewTestingSyncTests/Info.plist;
				LD_RUNPATH_SEARCH_PATHS = "$(inherited) @executable_path/../Frameworks @loader_path/../Frameworks";
				PRODUCT_BUNDLE_IDENTIFIER = com.yourcompany.SingleViewTestingSync.SingleViewTestingSyncTests;
				PRODUCT_NAME = "$(TARGET_NAME)";
				SWIFT_VERSION = 4.0;
				TEST_HOST = "$(BUILT_PRODUCTS_DIR)/SingleViewTestingSync.app/Contents/MacOS/SingleViewTestingSync";
			};
			name = Release;
		};
		C234B69C2011FDC4005128F8 /* Debug */ = {
			isa = XCBuildConfiguration;
			buildSettings = {
				ALWAYS_EMBED_SWIFT_STANDARD_LIBRARIES = YES;
				CODE_SIGN_STYLE = Automatic;
				COMBINE_HIDPI_IMAGES = YES;
				DEVELOPMENT_TEAM = YUCNWRRKS3;
				INFOPLIST_FILE = SingleViewTestingSyncUITests/Info.plist;
				LD_RUNPATH_SEARCH_PATHS = "$(inherited) @executable_path/../Frameworks @loader_path/../Frameworks";
				PRODUCT_BUNDLE_IDENTIFIER = com.yourcompany.SingleViewTestingSync.SingleViewTestingSyncUITests;
				PRODUCT_NAME = "$(TARGET_NAME)";
				SWIFT_VERSION = 4.0;
				TEST_TARGET_NAME = SingleViewTestingSync;
			};
			name = Debug;
		};
		C234B69D2011FDC4005128F8 /* Release */ = {
			isa = XCBuildConfiguration;
			buildSettings = {
				ALWAYS_EMBED_SWIFT_STANDARD_LIBRARIES = YES;
				CODE_SIGN_STYLE = Automatic;
				COMBINE_HIDPI_IMAGES = YES;
				DEVELOPMENT_TEAM = YUCNWRRKS3;
				INFOPLIST_FILE = SingleViewTestingSyncUITests/Info.plist;
				LD_RUNPATH_SEARCH_PATHS = "$(inherited) @executable_path/../Frameworks @loader_path/../Frameworks";
				PRODUCT_BUNDLE_IDENTIFIER = com.yourcompany.SingleViewTestingSync.SingleViewTestingSyncUITests;
				PRODUCT_NAME = "$(TARGET_NAME)";
				SWIFT_VERSION = 4.0;
				TEST_TARGET_NAME = SingleViewTestingSync;
			};
			name = Release;
		};
/* End XCBuildConfiguration section */

/* Begin XCConfigurationList section */
		C234B66A2011FDC3005128F8 /* Build configuration list for PBXProject "SingleViewTestingSync" */ = {
			isa = XCConfigurationList;
			buildConfigurations = (
				C234B6932011FDC4005128F8 /* Debug */,
				C234B6942011FDC4005128F8 /* Release */,
			);
			defaultConfigurationIsVisible = 0;
			defaultConfigurationName = Release;
		};
		C234B6952011FDC4005128F8 /* Build configuration list for PBXNativeTarget "SingleViewTestingSync" */ = {
			isa = XCConfigurationList;
			buildConfigurations = (
				C234B6962011FDC4005128F8 /* Debug */,
				C234B6972011FDC4005128F8 /* Release */,
			);
			defaultConfigurationIsVisible = 0;
			defaultConfigurationName = Release;
		};
		C234B6982011FDC4005128F8 /* Build configuration list for PBXNativeTarget "SingleViewTestingSyncTests" */ = {
			isa = XCConfigurationList;
			buildConfigurations = (
				C234B6992011FDC4005128F8 /* Debug */,
				C234B69A2011FDC4005128F8 /* Release */,
			);
			defaultConfigurationIsVisible = 0;
			defaultConfigurationName = Release;
		};
		C234B69B2011FDC4005128F8 /* Build configuration list for PBXNativeTarget "SingleViewTestingSyncUITests" */ = {
			isa = XCConfigurationList;
			buildConfigurations = (
				C234B69C2011FDC4005128F8 /* Debug */,
				C234B69D2011FDC4005128F8 /* Release */,
			);
			defaultConfigurationIsVisible = 0;
			defaultConfigurationName = Release;
		};
/* End XCConfigurationList section */
	};
	rootObject = C234B6672011FDC3005128F8 /* Project object */;
}
